[
  {
    "source": "lib/classroom.sh",
    "series": [
      {
        "directive": "... src classroom\n",
        "insertion": {
          "before": 4,
          "after": 7,
          "signature": "\t[remote]='https://github.com/alaturka/linux'\n",
          "digest": "d079f6ba47a2a78929d0d3d56e7fd5f736ef59ddb6b6ebf63243baf5be448436"
        }
      }
    ]
  },
  {
    "source": "lib/functions.sh",
    "series": [
      {
        "directive": "... src functions\n",
        "insertion": {
          "before": 540,
          "after": 56,
          "signature": "\t[[ -n ${self_dir_:-} ]] || declare -g self_dir_=$(readlink -m \"${BASH_SOURCE[0]%/*}\"/..)\n",
          "digest": "8accccfbf3ca991cdc5c461f052d75b11d08160f2d1057024eba3a462a9e5849"
        }
      }
    ]
  },
  {
    "source": "libexec/bootstrap/classroom",
    "series": [
      {
        "directive": "... src bootstrap\n",
        "insertion": {
          "before": 10,
          "after": 334,
          "signature": "\tlocal pp_name_=${1?${FUNCNAME[0]}: missing argument}; shift\n",
          "digest": "26872286365769990ca6659c8dfcc2fa46d94529447f8366816ca8086813eabf"
        }
      }
    ]
  }
]
