[
  {
    "source": "lib/classroom.sh",
    "series": [
      {
        "directive": "... src classroom\n",
        "insertion": {
          "before": 4,
          "after": 7,
          "signature": "\t[remote]='https://github.com/alaturka/linux'\n",
          "digest": "d079f6ba47a2a78929d0d3d56e7fd5f736ef59ddb6b6ebf63243baf5be448436"
        }
      }
    ]
  },
  {
    "source": "lib/functions.sh",
    "series": [
      {
        "directive": "... src functions\n",
        "insertion": {
          "before": 539,
          "after": 56,
          "signature": "\t[[ -n ${self_dir_:-} ]] || declare -g self_dir_=$(readlink -m \"${BASH_SOURCE[0]%/*}\"/..)\n",
          "digest": "872f11eaa9a6403127e81f1490aeefb2adedf98292666b831873856cced89e22"
        }
      }
    ]
  },
  {
    "source": "libexec/bootstrap/classroom",
    "series": [
      {
        "directive": "... src bootstrap\n",
        "insertion": {
          "before": 10,
          "after": 333,
          "signature": "\tlocal pp_name_=${1?${FUNCNAME[0]}: missing argument}; shift\n",
          "digest": "f157687dea3fee3a7e618b14cf8d492e5d4da388b4d3851a5da45953bf37c4cb"
        }
      }
    ]
  }
]
